<?xml version="1.0" encoding="utf-8"?>
<Project ToolsVersion="4.0" xmlns="http://schemas.microsoft.com/developer/msbuild/2003">
  <ItemGroup>
    <Filter Include="Source Files">
      <UniqueIdentifier>{4FC737F1-C7A5-4376-A066-2A32D752A2FF}</UniqueIdentifier>
      <Extensions>cpp;c;cc;cxx;def;odl;idl;hpj;bat;asm;asmx</Extensions>
    </Filter>
    <Filter Include="Header Files">
      <UniqueIdentifier>{93995380-89BD-4b04-88EB-625FBE52EBFB}</UniqueIdentifier>
      <Extensions>h;hh;hpp;hxx;hm;inl;inc;xsd</Extensions>
    </Filter>
    <Filter Include="Build Files">
      <UniqueIdentifier>{67DA6AB6-F800-4c08-8B7A-83BB121AAD01}</UniqueIdentifier>
      <Extensions>rc;ico;cur;bmp;dlg;rc2;rct;bin;rgs;gif;jpg;jpeg;jpe;resx;tiff;tif;png;wav;mfcribbon-ms</Extensions>
    </Filter>
    <Filter Include="VideoAndroid">
      <UniqueIdentifier>{df70cd35-384d-4306-8ac4-be4a58e0728a}</UniqueIdentifier>
    </Filter>
  </ItemGroup>
  <ItemGroup>
    <ClCompile Include="..\..\nftSimple\src\main\jni\NFTSimpleNative.cpp">
      <Filter>Source Files</Filter>
    </ClCompile>
    <ClCompile Include="..\..\..\..\lib\SRC\VideoAndroid\color_convert_common.c">
      <Filter>VideoAndroid</Filter>
    </ClCompile>
    <ClCompile Include="..\..\..\..\lib\SRC\VideoAndroid\cparamSearch.c">
      <Filter>VideoAndroid</Filter>
    </ClCompile>
    <ClCompile Include="..\..\..\..\lib\SRC\VideoAndroid\nxjson.c">
      <Filter>VideoAndroid</Filter>
    </ClCompile>
    <ClCompile Include="..\..\..\..\lib\SRC\VideoAndroid\sqlite3.c">
      <Filter>VideoAndroid</Filter>
    </ClCompile>
    <ClCompile Include="..\..\..\..\lib\SRC\VideoAndroid\videoAndroid.c">
      <Filter>VideoAndroid</Filter>
    </ClCompile>
    <ClCompile Include="..\..\..\..\lib\SRC\VideoAndroid\videoAndroidNativeCapture.cpp">
      <Filter>VideoAndroid</Filter>
    </ClCompile>
    <ClCompile Include="..\..\..\..\examples\nftSimple\ARMarkerNFT.cpp">
      <Filter>Source Files</Filter>
    </ClCompile>
    <ClCompile Include="..\..\..\..\examples\nftSimple\NFTSimple.cpp">
      <Filter>Source Files</Filter>
    </ClCompile>
    <ClCompile Include="..\..\..\..\examples\nftSimple\TrackingSub.cpp">
      <Filter>Source Files</Filter>
    </ClCompile>
    <ClCompile Include="..\..\..\..\examples\nftSimple\VirtualEnvironment.cpp">
      <Filter>Source Files</Filter>
    </ClCompile>
  </ItemGroup>
  <ItemGroup>
    <ClInclude Include="..\..\..\..\examples\nftSimple\ARMarkerNFT.h">
      <Filter>Header Files</Filter>
    </ClInclude>
    <ClInclude Include="..\..\..\..\examples\nftSimple\TrackingSub.h">
      <Filter>Header Files</Filter>
    </ClInclude>
    <ClInclude Include="..\..\..\..\examples\nftSimple\NFTSimple.h">
      <Filter>Header Files</Filter>
    </ClInclude>
    <ClInclude Include="..\..\..\..\lib\SRC\VideoAndroid\android_os_build_codes.h">
      <Filter>VideoAndroid</Filter>
    </ClInclude>
    <ClInclude Include="..\..\..\..\lib\SRC\VideoAndroid\camera_activity.hpp">
      <Filter>VideoAndroid</Filter>
    </ClInclude>
    <ClInclude Include="..\..\..\..\lib\SRC\VideoAndroid\color_convert_common.h">
      <Filter>VideoAndroid</Filter>
    </ClInclude>
    <ClInclude Include="..\..\..\..\lib\SRC\VideoAndroid\cparamSearch.h">
      <Filter>VideoAndroid</Filter>
    </ClInclude>
    <ClInclude Include="..\..\..\..\lib\SRC\VideoAndroid\nxjson.h">
      <Filter>VideoAndroid</Filter>
    </ClInclude>
    <ClInclude Include="..\..\..\..\lib\SRC\VideoAndroid\sqlite3.h">
      <Filter>VideoAndroid</Filter>
    </ClInclude>
    <ClInclude Include="..\..\..\..\lib\SRC\VideoAndroid\videoAndroidNativeCapture.h">
      <Filter>VideoAndroid</Filter>
    </ClInclude>
    <ClInclude Include="..\..\..\..\examples\nftSimple\VirtualEnvironment.h">
      <Filter>Header Files</Filter>
    </ClInclude>
  </ItemGroup>
  <ItemGroup>
    <None Include="..\..\nftSimple\src\main\jni\Android.mk">
      <Filter>Build Files</Filter>
    </None>
    <None Include="..\..\nftSimple\src\main\jni\Application.mk">
      <Filter>Build Files</Filter>
    </None>
  </ItemGroup>
</Project>